
Microsoft Visual Studio Solution File, Format Version 12.00
# Visual Studio Version 17
VisualStudioVersion = 17.14.36202.13 d17.14
MinimumVisualStudioVersion = 10.0.40219.1
Project("{FAE04EC0-301F-11D3-BF4B-00C04F79EFBC}") = "GameServer", "GameServer\GameServer.csproj", "{756347BE-4EBD-4F18-AF4C-684948A15403}"
EndProject
Project("{FAE04EC0-301F-11D3-BF4B-00C04F79EFBC}") = "GameClient", "GameClient\GameClient.csproj", "{2C5E2E30-05C2-42DC-9BA2-5E1CC226FD49}"
EndProject
Global
	GlobalSection(SolutionConfigurationPlatforms) = preSolution
		Debug|Any CPU = Debug|Any CPU
		Release|Any CPU = Release|Any CPU
	EndGlobalSection
	GlobalSection(ProjectConfigurationPlatforms) = postSolution
		{756347BE-4EBD-4F18-AF4C-684948A15403}.Debug|Any CPU.ActiveCfg = Debug|Any CPU
		{756347BE-4EBD-4F18-AF4C-684948A15403}.Debug|Any CPU.Build.0 = Debug|Any CPU
		{756347BE-4EBD-4F18-AF4C-684948A15403}.Release|Any CPU.ActiveCfg = Release|Any CPU
		{756347BE-4EBD-4F18-AF4C-684948A15403}.Release|Any CPU.Build.0 = Release|Any CPU
		{2C5E2E30-05C2-42DC-9BA2-5E1CC226FD49}.Debug|Any CPU.ActiveCfg = Debug|Any CPU
		{2C5E2E30-05C2-42DC-9BA2-5E1CC226FD49}.Debug|Any CPU.Build.0 = Debug|Any CPU
		{2C5E2E30-05C2-42DC-9BA2-5E1CC226FD49}.Release|Any CPU.ActiveCfg = Release|Any CPU
		{2C5E2E30-05C2-42DC-9BA2-5E1CC226FD49}.Release|Any CPU.Build.0 = Release|Any CPU
	EndGlobalSection
	GlobalSection(SolutionProperties) = preSolution
		HideSolutionNode = FALSE
	EndGlobalSection
	GlobalSection(ExtensibilityGlobals) = postSolution
		SolutionGuid = {EABA37EF-18B4-42A3-8319-44C8B7B61787}
	EndGlobalSection
EndGlobal
