
Microsoft Visual Studio Solution File, Format Version 12.00
# Visual Studio Version 17
VisualStudioVersion = 17.14.36202.13 d17.14
MinimumVisualStudioVersion = 10.0.40219.1
Project("{FAE04EC0-301F-11D3-BF4B-00C04F79EFBC}") = "WindowsFormsApp7", "WindowsFormsApp7.csproj", "{E9709325-45FF-4FA6-B200-102D5E3BF547}"
EndProject
Global
	GlobalSection(SolutionConfigurationPlatforms) = preSolution
		Debug|Any CPU = Debug|Any CPU
		Release|Any CPU = Release|Any CPU
	EndGlobalSection
	GlobalSection(ProjectConfigurationPlatforms) = postSolution
		{E9709325-45FF-4FA6-B200-102D5E3BF547}.Debug|Any CPU.ActiveCfg = Debug|Any CPU
		{E9709325-45FF-4FA6-B200-102D5E3BF547}.Debug|Any CPU.Build.0 = Debug|Any CPU
		{E9709325-45FF-4FA6-B200-102D5E3BF547}.Release|Any CPU.ActiveCfg = Release|Any CPU
		{E9709325-45FF-4FA6-B200-102D5E3BF547}.Release|Any CPU.Build.0 = Release|Any CPU
	EndGlobalSection
	GlobalSection(SolutionProperties) = preSolution
		HideSolutionNode = FALSE
	EndGlobalSection
	GlobalSection(ExtensibilityGlobals) = postSolution
		SolutionGuid = {3FDCA373-5D7E-4E2D-9105-91416CDC5695}
	EndGlobalSection
EndGlobal
