
Microsoft Visual Studio Solution File, Format Version 12.00
# Visual Studio Version 17
VisualStudioVersion = 17.14.36202.13 d17.14
MinimumVisualStudioVersion = 10.0.40219.1
Project("{FAE04EC0-301F-11D3-BF4B-00C04F79EFBC}") = "DancingProgressBars", "DancingProgressBars.csproj", "{FBE629F3-6893-4874-8B85-4FD58529B457}"
EndProject
Global
	GlobalSection(SolutionConfigurationPlatforms) = preSolution
		Debug|Any CPU = Debug|Any CPU
		Release|Any CPU = Release|Any CPU
	EndGlobalSection
	GlobalSection(ProjectConfigurationPlatforms) = postSolution
		{FBE629F3-6893-4874-8B85-4FD58529B457}.Debug|Any CPU.ActiveCfg = Debug|Any CPU
		{FBE629F3-6893-4874-8B85-4FD58529B457}.Debug|Any CPU.Build.0 = Debug|Any CPU
		{FBE629F3-6893-4874-8B85-4FD58529B457}.Release|Any CPU.ActiveCfg = Release|Any CPU
		{FBE629F3-6893-4874-8B85-4FD58529B457}.Release|Any CPU.Build.0 = Release|Any CPU
	EndGlobalSection
	GlobalSection(SolutionProperties) = preSolution
		HideSolutionNode = FALSE
	EndGlobalSection
	GlobalSection(ExtensibilityGlobals) = postSolution
		SolutionGuid = {04697762-5849-4B63-A2F2-F685772A8369}
	EndGlobalSection
EndGlobal
