
Microsoft Visual Studio Solution File, Format Version 12.00
# Visual Studio Version 17
VisualStudioVersion = 17.14.36202.13 d17.14
MinimumVisualStudioVersion = 10.0.40219.1
Project("{FAE04EC0-301F-11D3-BF4B-00C04F79EFBC}") = "The Multi-Type Generator", "The Multi-Type Generator.csproj", "{C49DB909-DBCD-40EC-99E3-D42793E07264}"
EndProject
Global
	GlobalSection(SolutionConfigurationPlatforms) = preSolution
		Debug|Any CPU = Debug|Any CPU
		Release|Any CPU = Release|Any CPU
	EndGlobalSection
	GlobalSection(ProjectConfigurationPlatforms) = postSolution
		{C49DB909-DBCD-40EC-99E3-D42793E07264}.Debug|Any CPU.ActiveCfg = Debug|Any CPU
		{C49DB909-DBCD-40EC-99E3-D42793E07264}.Debug|Any CPU.Build.0 = Debug|Any CPU
		{C49DB909-DBCD-40EC-99E3-D42793E07264}.Release|Any CPU.ActiveCfg = Release|Any CPU
		{C49DB909-DBCD-40EC-99E3-D42793E07264}.Release|Any CPU.Build.0 = Release|Any CPU
	EndGlobalSection
	GlobalSection(SolutionProperties) = preSolution
		HideSolutionNode = FALSE
	EndGlobalSection
	GlobalSection(ExtensibilityGlobals) = postSolution
		SolutionGuid = {099BE6F2-9659-4652-9AB3-E1BE6448918D}
	EndGlobalSection
EndGlobal
