
Microsoft Visual Studio Solution File, Format Version 12.00
# Visual Studio Version 17
VisualStudioVersion = 17.14.36202.13 d17.14
MinimumVisualStudioVersion = 10.0.40219.1
Project("{FAE04EC0-301F-11D3-BF4B-00C04F79EFBC}") = "WpfApp4", "WpfApp4.csproj", "{7A89366B-EDFB-415E-876D-85E51E5D43DD}"
EndProject
Global
	GlobalSection(SolutionConfigurationPlatforms) = preSolution
		Debug|Any CPU = Debug|Any CPU
		Release|Any CPU = Release|Any CPU
	EndGlobalSection
	GlobalSection(ProjectConfigurationPlatforms) = postSolution
		{7A89366B-EDFB-415E-876D-85E51E5D43DD}.Debug|Any CPU.ActiveCfg = Debug|Any CPU
		{7A89366B-EDFB-415E-876D-85E51E5D43DD}.Debug|Any CPU.Build.0 = Debug|Any CPU
		{7A89366B-EDFB-415E-876D-85E51E5D43DD}.Release|Any CPU.ActiveCfg = Release|Any CPU
		{7A89366B-EDFB-415E-876D-85E51E5D43DD}.Release|Any CPU.Build.0 = Release|Any CPU
	EndGlobalSection
	GlobalSection(SolutionProperties) = preSolution
		HideSolutionNode = FALSE
	EndGlobalSection
	GlobalSection(ExtensibilityGlobals) = postSolution
		SolutionGuid = {FCD950C1-6447-4A2E-BE3B-B499CE2DBCF4}
	EndGlobalSection
EndGlobal
