
Microsoft Visual Studio Solution File, Format Version 12.00
# Visual Studio Version 17
VisualStudioVersion = 17.14.36202.13 d17.14
MinimumVisualStudioVersion = 10.0.40219.1
Project("{FAE04EC0-301F-11D3-BF4B-00C04F79EFBC}") = "WpfAppSemaphore", "WpfAppSemaphore.csproj", "{F633C18F-7850-4013-BF48-FF8CE80E073C}"
EndProject
Global
	GlobalSection(SolutionConfigurationPlatforms) = preSolution
		Debug|Any CPU = Debug|Any CPU
		Release|Any CPU = Release|Any CPU
	EndGlobalSection
	GlobalSection(ProjectConfigurationPlatforms) = postSolution
		{F633C18F-7850-4013-BF48-FF8CE80E073C}.Debug|Any CPU.ActiveCfg = Debug|Any CPU
		{F633C18F-7850-4013-BF48-FF8CE80E073C}.Debug|Any CPU.Build.0 = Debug|Any CPU
		{F633C18F-7850-4013-BF48-FF8CE80E073C}.Release|Any CPU.ActiveCfg = Release|Any CPU
		{F633C18F-7850-4013-BF48-FF8CE80E073C}.Release|Any CPU.Build.0 = Release|Any CPU
	EndGlobalSection
	GlobalSection(SolutionProperties) = preSolution
		HideSolutionNode = FALSE
	EndGlobalSection
	GlobalSection(ExtensibilityGlobals) = postSolution
		SolutionGuid = {54834417-DF12-4DD1-AA3E-C677221564EE}
	EndGlobalSection
EndGlobal
