
Microsoft Visual Studio Solution File, Format Version 12.00
# Visual Studio Version 17
VisualStudioVersion = 17.14.36202.13 d17.14
MinimumVisualStudioVersion = 10.0.40219.1
Project("{FAE04EC0-301F-11D3-BF4B-00C04F79EFBC}") = "InterlockedSample", "InterlockedSample.csproj", "{B24587EA-5008-4C86-80AD-8F1B0359E851}"
EndProject
Global
	GlobalSection(SolutionConfigurationPlatforms) = preSolution
		Debug|Any CPU = Debug|Any CPU
		Release|Any CPU = Release|Any CPU
	EndGlobalSection
	GlobalSection(ProjectConfigurationPlatforms) = postSolution
		{B24587EA-5008-4C86-80AD-8F1B0359E851}.Debug|Any CPU.ActiveCfg = Debug|Any CPU
		{B24587EA-5008-4C86-80AD-8F1B0359E851}.Debug|Any CPU.Build.0 = Debug|Any CPU
		{B24587EA-5008-4C86-80AD-8F1B0359E851}.Release|Any CPU.ActiveCfg = Release|Any CPU
		{B24587EA-5008-4C86-80AD-8F1B0359E851}.Release|Any CPU.Build.0 = Release|Any CPU
	EndGlobalSection
	GlobalSection(SolutionProperties) = preSolution
		HideSolutionNode = FALSE
	EndGlobalSection
	GlobalSection(ExtensibilityGlobals) = postSolution
		SolutionGuid = {D24662B7-E2E5-4715-A20B-DD138C6C11A2}
	EndGlobalSection
EndGlobal
